
Microsoft Visual Studio Solution File, Format Version 12.00
# Visual Studio Version 17
VisualStudioVersion = 17.13.35806.99
MinimumVisualStudioVersion = 10.0.40219.1
Project("{FAE04EC0-301F-11D3-BF4B-00C04F79EFBC}") = "MyBlog.Entities", "MyBlog.Entities\MyBlog.Entities.csproj", "{AC651275-4DB0-41C9-9914-F5D651861864}"
EndProject
Project("{FAE04EC0-301F-11D3-BF4B-00C04F79EFBC}") = "MyBlog.Core", "MyBlog.Core\MyBlog.Core.csproj", "{6388AA62-646F-46DB-AFA7-A195820F5BB7}"
EndProject
Project("{FAE04EC0-301F-11D3-BF4B-00C04F79EFBC}") = "MyBlog.DataAccess", "MyBlog.DataAccess\MyBlog.DataAccess.csproj", "{84CE0C12-9A97-4B3F-B6E0-CD93D1AC00E6}"
EndProject
Project("{FAE04EC0-301F-11D3-BF4B-00C04F79EFBC}") = "MyBlog.Business", "MyBlog.Business\MyBlog.Business.csproj", "{6DD6CF62-8799-474F-A22E-40C48307E1E3}"
EndProject
Project("{FAE04EC0-301F-11D3-BF4B-00C04F79EFBC}") = "MyBlog.WebUI", "MyBlog.WebUI\MyBlog.WebUI.csproj", "{04B92E7F-286F-4256-9E94-9481B2656BC8}"
EndProject
Global
	GlobalSection(SolutionConfigurationPlatforms) = preSolution
		Debug|Any CPU = Debug|Any CPU
		Release|Any CPU = Release|Any CPU
	EndGlobalSection
	GlobalSection(ProjectConfigurationPlatforms) = postSolution
		{AC651275-4DB0-41C9-9914-F5D651861864}.Debug|Any CPU.ActiveCfg = Debug|Any CPU
		{AC651275-4DB0-41C9-9914-F5D651861864}.Debug|Any CPU.Build.0 = Debug|Any CPU
		{AC651275-4DB0-41C9-9914-F5D651861864}.Release|Any CPU.ActiveCfg = Release|Any CPU
		{AC651275-4DB0-41C9-9914-F5D651861864}.Release|Any CPU.Build.0 = Release|Any CPU
		{6388AA62-646F-46DB-AFA7-A195820F5BB7}.Debug|Any CPU.ActiveCfg = Debug|Any CPU
		{6388AA62-646F-46DB-AFA7-A195820F5BB7}.Debug|Any CPU.Build.0 = Debug|Any CPU
		{6388AA62-646F-46DB-AFA7-A195820F5BB7}.Release|Any CPU.ActiveCfg = Release|Any CPU
		{6388AA62-646F-46DB-AFA7-A195820F5BB7}.Release|Any CPU.Build.0 = Release|Any CPU
		{84CE0C12-9A97-4B3F-B6E0-CD93D1AC00E6}.Debug|Any CPU.ActiveCfg = Debug|Any CPU
		{84CE0C12-9A97-4B3F-B6E0-CD93D1AC00E6}.Debug|Any CPU.Build.0 = Debug|Any CPU
		{84CE0C12-9A97-4B3F-B6E0-CD93D1AC00E6}.Release|Any CPU.ActiveCfg = Release|Any CPU
		{84CE0C12-9A97-4B3F-B6E0-CD93D1AC00E6}.Release|Any CPU.Build.0 = Release|Any CPU
		{6DD6CF62-8799-474F-A22E-40C48307E1E3}.Debug|Any CPU.ActiveCfg = Debug|Any CPU
		{6DD6CF62-8799-474F-A22E-40C48307E1E3}.Debug|Any CPU.Build.0 = Debug|Any CPU
		{6DD6CF62-8799-474F-A22E-40C48307E1E3}.Release|Any CPU.ActiveCfg = Release|Any CPU
		{6DD6CF62-8799-474F-A22E-40C48307E1E3}.Release|Any CPU.Build.0 = Release|Any CPU
		{04B92E7F-286F-4256-9E94-9481B2656BC8}.Debug|Any CPU.ActiveCfg = Debug|Any CPU
		{04B92E7F-286F-4256-9E94-9481B2656BC8}.Debug|Any CPU.Build.0 = Debug|Any CPU
		{04B92E7F-286F-4256-9E94-9481B2656BC8}.Release|Any CPU.ActiveCfg = Release|Any CPU
		{04B92E7F-286F-4256-9E94-9481B2656BC8}.Release|Any CPU.Build.0 = Release|Any CPU
	EndGlobalSection
	GlobalSection(SolutionProperties) = preSolution
		HideSolutionNode = FALSE
	EndGlobalSection
	GlobalSection(ExtensibilityGlobals) = postSolution
		SolutionGuid = {560E41F3-04F1-48B2-AC7A-7EDDC95BF6BA}
	EndGlobalSection
EndGlobal
